
Microsoft Visual Studio Solution File, Format Version 12.00
# Visual Studio Version 17
VisualStudioVersion = 17.9.34728.123
MinimumVisualStudioVersion = 10.0.40219.1
Project("{FAE04EC0-301F-11D3-BF4B-00C04F79EFBC}") = "CollectionsLesson", "CollectionsLesson\CollectionsLesson.csproj", "{AA4E2E33-1547-420B-BA16-196DD5507DCD}"
EndProject
Global
	GlobalSection(SolutionConfigurationPlatforms) = preSolution
		Debug|Any CPU = Debug|Any CPU
		Release|Any CPU = Release|Any CPU
	EndGlobalSection
	GlobalSection(ProjectConfigurationPlatforms) = postSolution
		{AA4E2E33-1547-420B-BA16-196DD5507DCD}.Debug|Any CPU.ActiveCfg = Debug|Any CPU
		{AA4E2E33-1547-420B-BA16-196DD5507DCD}.Debug|Any CPU.Build.0 = Debug|Any CPU
		{AA4E2E33-1547-420B-BA16-196DD5507DCD}.Release|Any CPU.ActiveCfg = Release|Any CPU
		{AA4E2E33-1547-420B-BA16-196DD5507DCD}.Release|Any CPU.Build.0 = Release|Any CPU
	EndGlobalSection
	GlobalSection(SolutionProperties) = preSolution
		HideSolutionNode = FALSE
	EndGlobalSection
	GlobalSection(ExtensibilityGlobals) = postSolution
		SolutionGuid = {0B29AA34-0FA8-42C3-8C8B-00DB28DA5169}
	EndGlobalSection
EndGlobal
